
Microsoft Visual Studio Solution File, Format Version 12.00
# Visual Studio 15
VisualStudioVersion = 15.0.27428.2043
MinimumVisualStudioVersion = 10.0.40219.1
Project("{8BC9CEB8-8B4A-11D0-8D11-00A0C91BC942}") = "Dijkstra", "Dijkstra\Dijkstra.vcxproj", "{B86FF527-B349-47AC-BF41-F10391A2DDCD}"
EndProject
Global
	GlobalSection(SolutionConfigurationPlatforms) = preSolution
		Debug|x64 = Debug|x64
		Debug|x86 = Debug|x86
		Release|x64 = Release|x64
		Release|x86 = Release|x86
	EndGlobalSection
	GlobalSection(ProjectConfigurationPlatforms) = postSolution
		{B86FF527-B349-47AC-BF41-F10391A2DDCD}.Debug|x64.ActiveCfg = Debug|x64
		{B86FF527-B349-47AC-BF41-F10391A2DDCD}.Debug|x64.Build.0 = Debug|x64
		{B86FF527-B349-47AC-BF41-F10391A2DDCD}.Debug|x86.ActiveCfg = Debug|Win32
		{B86FF527-B349-47AC-BF41-F10391A2DDCD}.Debug|x86.Build.0 = Debug|Win32
		{B86FF527-B349-47AC-BF41-F10391A2DDCD}.Release|x64.ActiveCfg = Release|x64
		{B86FF527-B349-47AC-BF41-F10391A2DDCD}.Release|x64.Build.0 = Release|x64
		{B86FF527-B349-47AC-BF41-F10391A2DDCD}.Release|x86.ActiveCfg = Release|Win32
		{B86FF527-B349-47AC-BF41-F10391A2DDCD}.Release|x86.Build.0 = Release|Win32
	EndGlobalSection
	GlobalSection(SolutionProperties) = preSolution
		HideSolutionNode = FALSE
	EndGlobalSection
	GlobalSection(ExtensibilityGlobals) = postSolution
		SolutionGuid = {7B5AA2E6-21C1-4239-8B89-E4CEDB0BD9A3}
	EndGlobalSection
EndGlobal
