
Microsoft Visual Studio Solution File, Format Version 12.00
# Visual Studio 15
VisualStudioVersion = 15.0.27428.2043
MinimumVisualStudioVersion = 10.0.40219.1
Project("{8BC9CEB8-8B4A-11D0-8D11-00A0C91BC942}") = "BipartiteGraph", "BipartiteGraph\BipartiteGraph.vcxproj", "{ED984C6B-1724-4FCC-A0BA-A45F23258D7F}"
EndProject
Global
	GlobalSection(SolutionConfigurationPlatforms) = preSolution
		Debug|x64 = Debug|x64
		Debug|x86 = Debug|x86
		Release|x64 = Release|x64
		Release|x86 = Release|x86
	EndGlobalSection
	GlobalSection(ProjectConfigurationPlatforms) = postSolution
		{ED984C6B-1724-4FCC-A0BA-A45F23258D7F}.Debug|x64.ActiveCfg = Debug|x64
		{ED984C6B-1724-4FCC-A0BA-A45F23258D7F}.Debug|x64.Build.0 = Debug|x64
		{ED984C6B-1724-4FCC-A0BA-A45F23258D7F}.Debug|x86.ActiveCfg = Debug|Win32
		{ED984C6B-1724-4FCC-A0BA-A45F23258D7F}.Debug|x86.Build.0 = Debug|Win32
		{ED984C6B-1724-4FCC-A0BA-A45F23258D7F}.Release|x64.ActiveCfg = Release|x64
		{ED984C6B-1724-4FCC-A0BA-A45F23258D7F}.Release|x64.Build.0 = Release|x64
		{ED984C6B-1724-4FCC-A0BA-A45F23258D7F}.Release|x86.ActiveCfg = Release|Win32
		{ED984C6B-1724-4FCC-A0BA-A45F23258D7F}.Release|x86.Build.0 = Release|Win32
	EndGlobalSection
	GlobalSection(SolutionProperties) = preSolution
		HideSolutionNode = FALSE
	EndGlobalSection
	GlobalSection(ExtensibilityGlobals) = postSolution
		SolutionGuid = {D39EBA4A-718D-4A91-B27D-4BF3ED0840DB}
	EndGlobalSection
EndGlobal
