
Microsoft Visual Studio Solution File, Format Version 12.00
# Visual Studio 15
VisualStudioVersion = 15.0.27428.2043
MinimumVisualStudioVersion = 10.0.40219.1
Project("{8BC9CEB8-8B4A-11D0-8D11-00A0C91BC942}") = "Prim", "Prim\Prim.vcxproj", "{D69EAC5C-AF97-46E6-804F-80A3E4A9469C}"
EndProject
Global
	GlobalSection(SolutionConfigurationPlatforms) = preSolution
		Debug|x64 = Debug|x64
		Debug|x86 = Debug|x86
		Release|x64 = Release|x64
		Release|x86 = Release|x86
	EndGlobalSection
	GlobalSection(ProjectConfigurationPlatforms) = postSolution
		{D69EAC5C-AF97-46E6-804F-80A3E4A9469C}.Debug|x64.ActiveCfg = Debug|x64
		{D69EAC5C-AF97-46E6-804F-80A3E4A9469C}.Debug|x64.Build.0 = Debug|x64
		{D69EAC5C-AF97-46E6-804F-80A3E4A9469C}.Debug|x86.ActiveCfg = Debug|Win32
		{D69EAC5C-AF97-46E6-804F-80A3E4A9469C}.Debug|x86.Build.0 = Debug|Win32
		{D69EAC5C-AF97-46E6-804F-80A3E4A9469C}.Release|x64.ActiveCfg = Release|x64
		{D69EAC5C-AF97-46E6-804F-80A3E4A9469C}.Release|x64.Build.0 = Release|x64
		{D69EAC5C-AF97-46E6-804F-80A3E4A9469C}.Release|x86.ActiveCfg = Release|Win32
		{D69EAC5C-AF97-46E6-804F-80A3E4A9469C}.Release|x86.Build.0 = Release|Win32
	EndGlobalSection
	GlobalSection(SolutionProperties) = preSolution
		HideSolutionNode = FALSE
	EndGlobalSection
	GlobalSection(ExtensibilityGlobals) = postSolution
		SolutionGuid = {724F7281-29D2-464C-8F14-D92C39571E87}
	EndGlobalSection
EndGlobal
